// !$*UTF8*$!
{
	archiveVersion = 1;
	classes = {
	};
	objectVersion = 55;
	objects = {

/* Begin PBXBuildFile section */
		0658A52A29CF697000EB8D36 /* Tests_iOS.swift in Sources */ = {isa = PBXBuildFile; fileRef = 0658A52929CF697000EB8D36 /* Tests_iOS.swift */; };
		0658A52C29CF697000EB8D36 /* Tests_iOSLaunchTests.swift in Sources */ = {isa = PBXBuildFile; fileRef = 0658A52B29CF697000EB8D36 /* Tests_iOSLaunchTests.swift */; };
		0658A53629CF697000EB8D36 /* Tests_macOS.swift in Sources */ = {isa = PBXBuildFile; fileRef = 0658A53529CF697000EB8D36 /* Tests_macOS.swift */; };
		0658A53829CF697000EB8D36 /* Tests_macOSLaunchTests.swift in Sources */ = {isa = PBXBuildFile; fileRef = 0658A53729CF697000EB8D36 /* Tests_macOSLaunchTests.swift */; };
		0658A53929CF697000EB8D36 /* stepclapApp.swift in Sources */ = {isa = PBXBuildFile; fileRef = 0658A51129CF696D00EB8D36 /* stepclapApp.swift */; };
		0658A53A29CF697000EB8D36 /* stepclapApp.swift in Sources */ = {isa = PBXBuildFile; fileRef = 0658A51129CF696D00EB8D36 /* stepclapApp.swift */; };
		0658A53B29CF697000EB8D36 /* MeetingView.swift in Sources */ = {isa = PBXBuildFile; fileRef = 0658A51229CF696D00EB8D36 /* MeetingView.swift */; };
		0658A53C29CF697000EB8D36 /* MeetingView.swift in Sources */ = {isa = PBXBuildFile; fileRef = 0658A51229CF696D00EB8D36 /* MeetingView.swift */; };
		0658A53D29CF697000EB8D36 /* Assets.xcassets in Resources */ = {isa = PBXBuildFile; fileRef = 0658A51329CF697000EB8D36 /* Assets.xcassets */; };
		0658A53E29CF697000EB8D36 /* Assets.xcassets in Resources */ = {isa = PBXBuildFile; fileRef = 0658A51329CF697000EB8D36 /* Assets.xcassets */; };
/* End PBXBuildFile section */

/* Begin PBXContainerItemProxy section */
		0658A52629CF697000EB8D36 /* PBXContainerItemProxy */ = {
			isa = PBXContainerItemProxy;
			containerPortal = 0658A50C29CF696D00EB8D36 /* Project object */;
			proxyType = 1;
			remoteGlobalIDString = 0658A51729CF697000EB8D36;
			remoteInfo = "stepclap (iOS)";
		};
		0658A53229CF697000EB8D36 /* PBXContainerItemProxy */ = {
			isa = PBXContainerItemProxy;
			containerPortal = 0658A50C29CF696D00EB8D36 /* Project object */;
			proxyType = 1;
			remoteGlobalIDString = 0658A51D29CF697000EB8D36;
			remoteInfo = "stepclap (macOS)";
		};
/* End PBXContainerItemProxy section */

/* Begin PBXFileReference section */
		0658A51129CF696D00EB8D36 /* stepclapApp.swift */ = {isa = PBXFileReference; lastKnownFileType = sourcecode.swift; path = stepclapApp.swift; sourceTree = "<group>"; };
		0658A51229CF696D00EB8D36 /* MeetingView.swift */ = {isa = PBXFileReference; lastKnownFileType = sourcecode.swift; path = MeetingView.swift; sourceTree = "<group>"; };
		0658A51329CF697000EB8D36 /* Assets.xcassets */ = {isa = PBXFileReference; lastKnownFileType = folder.assetcatalog; path = Assets.xcassets; sourceTree = "<group>"; };
		0658A51829CF697000EB8D36 /* stepclap.app */ = {isa = PBXFileReference; explicitFileType = wrapper.application; includeInIndex = 0; path = stepclap.app; sourceTree = BUILT_PRODUCTS_DIR; };
		0658A51E29CF697000EB8D36 /* stepclap.app */ = {isa = PBXFileReference; explicitFileType = wrapper.application; includeInIndex = 0; path = stepclap.app; sourceTree = BUILT_PRODUCTS_DIR; };
		0658A52029CF697000EB8D36 /* macOS.entitlements */ = {isa = PBXFileReference; lastKnownFileType = text.plist.entitlements; path = macOS.entitlements; sourceTree = "<group>"; };
		0658A52529CF697000EB8D36 /* Tests iOS.xctest */ = {isa = PBXFileReference; explicitFileType = wrapper.cfbundle; includeInIndex = 0; path = "Tests iOS.xctest"; sourceTree = BUILT_PRODUCTS_DIR; };
		0658A52929CF697000EB8D36 /* Tests_iOS.swift */ = {isa = PBXFileReference; lastKnownFileType = sourcecode.swift; path = Tests_iOS.swift; sourceTree = "<group>"; };
		0658A52B29CF697000EB8D36 /* Tests_iOSLaunchTests.swift */ = {isa = PBXFileReference; lastKnownFileType = sourcecode.swift; path = Tests_iOSLaunchTests.swift; sourceTree = "<group>"; };
		0658A53129CF697000EB8D36 /* Tests macOS.xctest */ = {isa = PBXFileReference; explicitFileType = wrapper.cfbundle; includeInIndex = 0; path = "Tests macOS.xctest"; sourceTree = BUILT_PRODUCTS_DIR; };
		0658A53529CF697000EB8D36 /* Tests_macOS.swift */ = {isa = PBXFileReference; lastKnownFileType = sourcecode.swift; path = Tests_macOS.swift; sourceTree = "<group>"; };
		0658A53729CF697000EB8D36 /* Tests_macOSLaunchTests.swift */ = {isa = PBXFileReference; lastKnownFileType = sourcecode.swift; path = Tests_macOSLaunchTests.swift; sourceTree = "<group>"; };
/* End PBXFileReference section */

/* Begin PBXFrameworksBuildPhase section */
		0658A51529CF697000EB8D36 /* Frameworks */ = {
			isa = PBXFrameworksBuildPhase;
			buildActionMask = 2147483647;
			files = (
			);
			runOnlyForDeploymentPostprocessing = 0;
		};
		0658A51B29CF697000EB8D36 /* Frameworks */ = {
			isa = PBXFrameworksBuildPhase;
			buildActionMask = 2147483647;
			files = (
			);
			runOnlyForDeploymentPostprocessing = 0;
		};
		0658A52229CF697000EB8D36 /* Frameworks */ = {
			isa = PBXFrameworksBuildPhase;
			buildActionMask = 2147483647;
			files = (
			);
			runOnlyForDeploymentPostprocessing = 0;
		};
		0658A52E29CF697000EB8D36 /* Frameworks */ = {
			isa = PBXFrameworksBuildPhase;
			buildActionMask = 2147483647;
			files = (
			);
			runOnlyForDeploymentPostprocessing = 0;
		};
/* End PBXFrameworksBuildPhase section */

/* Begin PBXGroup section */
		0658A50B29CF696D00EB8D36 = {
			isa = PBXGroup;
			children = (
				0658A51029CF696D00EB8D36 /* Shared */,
				0658A51F29CF697000EB8D36 /* macOS */,
				0658A52829CF697000EB8D36 /* Tests iOS */,
				0658A53429CF697000EB8D36 /* Tests macOS */,
				0658A51929CF697000EB8D36 /* Products */,
			);
			sourceTree = "<group>";
		};
		0658A51029CF696D00EB8D36 /* Shared */ = {
			isa = PBXGroup;
			children = (
				0658A51129CF696D00EB8D36 /* stepclapApp.swift */,
				0658A51229CF696D00EB8D36 /* MeetingView.swift */,
				0658A51329CF697000EB8D36 /* Assets.xcassets */,
			);
			path = Shared;
			sourceTree = "<group>";
		};
		0658A51929CF697000EB8D36 /* Products */ = {
			isa = PBXGroup;
			children = (
				0658A51829CF697000EB8D36 /* stepclap.app */,
				0658A51E29CF697000EB8D36 /* stepclap.app */,
				0658A52529CF697000EB8D36 /* Tests iOS.xctest */,
				0658A53129CF697000EB8D36 /* Tests macOS.xctest */,
			);
			name = Products;
			sourceTree = "<group>";
		};
		0658A51F29CF697000EB8D36 /* macOS */ = {
			isa = PBXGroup;
			children = (
				0658A52029CF697000EB8D36 /* macOS.entitlements */,
			);
			path = macOS;
			sourceTree = "<group>";
		};
		0658A52829CF697000EB8D36 /* Tests iOS */ = {
			isa = PBXGroup;
			children = (
				0658A52929CF697000EB8D36 /* Tests_iOS.swift */,
				0658A52B29CF697000EB8D36 /* Tests_iOSLaunchTests.swift */,
			);
			path = "Tests iOS";
			sourceTree = "<group>";
		};
		0658A53429CF697000EB8D36 /* Tests macOS */ = {
			isa = PBXGroup;
			children = (
				0658A53529CF697000EB8D36 /* Tests_macOS.swift */,
				0658A53729CF697000EB8D36 /* Tests_macOSLaunchTests.swift */,
			);
			path = "Tests macOS";
			sourceTree = "<group>";
		};
/* End PBXGroup section */

/* Begin PBXNativeTarget section */
		0658A51729CF697000EB8D36 /* stepclap (iOS) */ = {
			isa = PBXNativeTarget;
			buildConfigurationList = 0658A54129CF697000EB8D36 /* Build configuration list for PBXNativeTarget "stepclap (iOS)" */;
			buildPhases = (
				0658A51429CF697000EB8D36 /* Sources */,
				0658A51529CF697000EB8D36 /* Frameworks */,
				0658A51629CF697000EB8D36 /* Resources */,
			);
			buildRules = (
			);
			dependencies = (
			);
			name = "stepclap (iOS)";
			productName = "stepclap (iOS)";
			productReference = 0658A51829CF697000EB8D36 /* stepclap.app */;
			productType = "com.apple.product-type.application";
		};
		0658A51D29CF697000EB8D36 /* stepclap (macOS) */ = {
			isa = PBXNativeTarget;
			buildConfigurationList = 0658A54429CF697000EB8D36 /* Build configuration list for PBXNativeTarget "stepclap (macOS)" */;
			buildPhases = (
				0658A51A29CF697000EB8D36 /* Sources */,
				0658A51B29CF697000EB8D36 /* Frameworks */,
				0658A51C29CF697000EB8D36 /* Resources */,
			);
			buildRules = (
			);
			dependencies = (
			);
			name = "stepclap (macOS)";
			productName = "stepclap (macOS)";
			productReference = 0658A51E29CF697000EB8D36 /* stepclap.app */;
			productType = "com.apple.product-type.application";
		};
		0658A52429CF697000EB8D36 /* Tests iOS */ = {
			isa = PBXNativeTarget;
			buildConfigurationList = 0658A54729CF697000EB8D36 /* Build configuration list for PBXNativeTarget "Tests iOS" */;
			buildPhases = (
				0658A52129CF697000EB8D36 /* Sources */,
				0658A52229CF697000EB8D36 /* Frameworks */,
				0658A52329CF697000EB8D36 /* Resources */,
			);
			buildRules = (
			);
			dependencies = (
				0658A52729CF697000EB8D36 /* PBXTargetDependency */,
			);
			name = "Tests iOS";
			productName = "Tests iOS";
			productReference = 0658A52529CF697000EB8D36 /* Tests iOS.xctest */;
			productType = "com.apple.product-type.bundle.ui-testing";
		};
		0658A53029CF697000EB8D36 /* Tests macOS */ = {
			isa = PBXNativeTarget;
			buildConfigurationList = 0658A54A29CF697000EB8D36 /* Build configuration list for PBXNativeTarget "Tests macOS" */;
			buildPhases = (
				0658A52D29CF697000EB8D36 /* Sources */,
				0658A52E29CF697000EB8D36 /* Frameworks */,
				0658A52F29CF697000EB8D36 /* Resources */,
			);
			buildRules = (
			);
			dependencies = (
				0658A53329CF697000EB8D36 /* PBXTargetDependency */,
			);
			name = "Tests macOS";
			productName = "Tests macOS";
			productReference = 0658A53129CF697000EB8D36 /* Tests macOS.xctest */;
			productType = "com.apple.product-type.bundle.ui-testing";
		};
/* End PBXNativeTarget section */

/* Begin PBXProject section */
		0658A50C29CF696D00EB8D36 /* Project object */ = {
			isa = PBXProject;
			attributes = {
				BuildIndependentTargetsInParallel = 1;
				LastSwiftUpdateCheck = 1340;
				LastUpgradeCheck = 1340;
				TargetAttributes = {
					0658A51729CF697000EB8D36 = {
						CreatedOnToolsVersion = 13.4.1;
					};
					0658A51D29CF697000EB8D36 = {
						CreatedOnToolsVersion = 13.4.1;
					};
					0658A52429CF697000EB8D36 = {
						CreatedOnToolsVersion = 13.4.1;
						TestTargetID = 0658A51729CF697000EB8D36;
					};
					0658A53029CF697000EB8D36 = {
						CreatedOnToolsVersion = 13.4.1;
						TestTargetID = 0658A51D29CF697000EB8D36;
					};
				};
			};
			buildConfigurationList = 0658A50F29CF696D00EB8D36 /* Build configuration list for PBXProject "stepclap" */;
			compatibilityVersion = "Xcode 13.0";
			developmentRegion = en;
			hasScannedForEncodings = 0;
			knownRegions = (
				en,
				Base,
			);
			mainGroup = 0658A50B29CF696D00EB8D36;
			productRefGroup = 0658A51929CF697000EB8D36 /* Products */;
			projectDirPath = "";
			projectRoot = "";
			targets = (
				0658A51729CF697000EB8D36 /* stepclap (iOS) */,
				0658A51D29CF697000EB8D36 /* stepclap (macOS) */,
				0658A52429CF697000EB8D36 /* Tests iOS */,
				0658A53029CF697000EB8D36 /* Tests macOS */,
			);
		};
/* End PBXProject section */

/* Begin PBXResourcesBuildPhase section */
		0658A51629CF697000EB8D36 /* Resources */ = {
			isa = PBXResourcesBuildPhase;
			buildActionMask = 2147483647;
			files = (
				0658A53D29CF697000EB8D36 /* Assets.xcassets in Resources */,
			);
			runOnlyForDeploymentPostprocessing = 0;
		};
		0658A51C29CF697000EB8D36 /* Resources */ = {
			isa = PBXResourcesBuildPhase;
			buildActionMask = 2147483647;
			files = (
				0658A53E29CF697000EB8D36 /* Assets.xcassets in Resources */,
			);
			runOnlyForDeploymentPostprocessing = 0;
		};
		0658A52329CF697000EB8D36 /* Resources */ = {
			isa = PBXResourcesBuildPhase;
			buildActionMask = 2147483647;
			files = (
			);
			runOnlyForDeploymentPostprocessing = 0;
		};
		0658A52F29CF697000EB8D36 /* Resources */ = {
			isa = PBXResourcesBuildPhase;
			buildActionMask = 2147483647;
			files = (
			);
			runOnlyForDeploymentPostprocessing = 0;
		};
/* End PBXResourcesBuildPhase section */

/* Begin PBXSourcesBuildPhase section */
		0658A51429CF697000EB8D36 /* Sources */ = {
			isa = PBXSourcesBuildPhase;
			buildActionMask = 2147483647;
			files = (
				0658A53B29CF697000EB8D36 /* MeetingView.swift in Sources */,
				0658A53929CF697000EB8D36 /* stepclapApp.swift in Sources */,
			);
			runOnlyForDeploymentPostprocessing = 0;
		};
		0658A51A29CF697000EB8D36 /* Sources */ = {
			isa = PBXSourcesBuildPhase;
			buildActionMask = 2147483647;
			files = (
				0658A53C29CF697000EB8D36 /* MeetingView.swift in Sources */,
				0658A53A29CF697000EB8D36 /* stepclapApp.swift in Sources */,
			);
			runOnlyForDeploymentPostprocessing = 0;
		};
		0658A52129CF697000EB8D36 /* Sources */ = {
			isa = PBXSourcesBuildPhase;
			buildActionMask = 2147483647;
			files = (
				0658A52C29CF697000EB8D36 /* Tests_iOSLaunchTests.swift in Sources */,
				0658A52A29CF697000EB8D36 /* Tests_iOS.swift in Sources */,
			);
			runOnlyForDeploymentPostprocessing = 0;
		};
		0658A52D29CF697000EB8D36 /* Sources */ = {
			isa = PBXSourcesBuildPhase;
			buildActionMask = 2147483647;
			files = (
				0658A53829CF697000EB8D36 /* Tests_macOSLaunchTests.swift in Sources */,
				0658A53629CF697000EB8D36 /* Tests_macOS.swift in Sources */,
			);
			runOnlyForDeploymentPostprocessing = 0;
		};
/* End PBXSourcesBuildPhase section */

/* Begin PBXTargetDependency section */
		0658A52729CF697000EB8D36 /* PBXTargetDependency */ = {
			isa = PBXTargetDependency;
			target = 0658A51729CF697000EB8D36 /* stepclap (iOS) */;
			targetProxy = 0658A52629CF697000EB8D36 /* PBXContainerItemProxy */;
		};
		0658A53329CF697000EB8D36 /* PBXTargetDependency */ = {
			isa = PBXTargetDependency;
			target = 0658A51D29CF697000EB8D36 /* stepclap (macOS) */;
			targetProxy = 0658A53229CF697000EB8D36 /* PBXContainerItemProxy */;
		};
/* End PBXTargetDependency section */

/* Begin XCBuildConfiguration section */
		0658A53F29CF697000EB8D36 /* Debug */ = {
			isa = XCBuildConfiguration;
			buildSettings = {
				ALWAYS_SEARCH_USER_PATHS = NO;
				CLANG_ANALYZER_NONNULL = YES;
				CLANG_ANALYZER_NUMBER_OBJECT_CONVERSION = YES_AGGRESSIVE;
				CLANG_CXX_LANGUAGE_STANDARD = "gnu++17";
				CLANG_ENABLE_MODULES = YES;
				CLANG_ENABLE_OBJC_ARC = YES;
				CLANG_ENABLE_OBJC_WEAK = YES;
				CLANG_WARN_BLOCK_CAPTURE_AUTORELEASING = YES;
				CLANG_WARN_BOOL_CONVERSION = YES;
				CLANG_WARN_COMMA = YES;
				CLANG_WARN_CONSTANT_CONVERSION = YES;
				CLANG_WARN_DEPRECATED_OBJC_IMPLEMENTATIONS = YES;
				CLANG_WARN_DIRECT_OBJC_ISA_USAGE = YES_ERROR;
				CLANG_WARN_DOCUMENTATION_COMMENTS = YES;
				CLANG_WARN_EMPTY_BODY = YES;
				CLANG_WARN_ENUM_CONVERSION = YES;
				CLANG_WARN_INFINITE_RECURSION = YES;
				CLANG_WARN_INT_CONVERSION = YES;
				CLANG_WARN_NON_LITERAL_NULL_CONVERSION = YES;
				CLANG_WARN_OBJC_IMPLICIT_RETAIN_SELF = YES;
				CLANG_WARN_OBJC_LITERAL_CONVERSION = YES;
				CLANG_WARN_OBJC_ROOT_CLASS = YES_ERROR;
				CLANG_WARN_QUOTED_INCLUDE_IN_FRAMEWORK_HEADER = YES;
				CLANG_WARN_RANGE_LOOP_ANALYSIS = YES;
				CLANG_WARN_STRICT_PROTOTYPES = YES;
				CLANG_WARN_SUSPICIOUS_MOVE = YES;
				CLANG_WARN_UNGUARDED_AVAILABILITY = YES_AGGRESSIVE;
				CLANG_WARN_UNREACHABLE_CODE = YES;
				CLANG_WARN__DUPLICATE_METHOD_MATCH = YES;
				COPY_PHASE_STRIP = NO;
				DEBUG_INFORMATION_FORMAT = dwarf;
				ENABLE_STRICT_OBJC_MSGSEND = YES;
				ENABLE_TESTABILITY = YES;
				GCC_C_LANGUAGE_STANDARD = gnu11;
				GCC_DYNAMIC_NO_PIC = NO;
				GCC_NO_COMMON_BLOCKS = YES;
				GCC_OPTIMIZATION_LEVEL = 0;
				GCC_PREPROCESSOR_DEFINITIONS = (
					"DEBUG=1",
					"$(inherited)",
				);
				GCC_WARN_64_TO_32_BIT_CONVERSION = YES;
				GCC_WARN_ABOUT_RETURN_TYPE = YES_ERROR;
				GCC_WARN_UNDECLARED_SELECTOR = YES;
				GCC_WARN_UNINITIALIZED_AUTOS = YES_AGGRESSIVE;
				GCC_WARN_UNUSED_FUNCTION = YES;
				GCC_WARN_UNUSED_VARIABLE = YES;
				MTL_ENABLE_DEBUG_INFO = INCLUDE_SOURCE;
				MTL_FAST_MATH = YES;
				ONLY_ACTIVE_ARCH = YES;
				SWIFT_ACTIVE_COMPILATION_CONDITIONS = DEBUG;
				SWIFT_OPTIMIZATION_LEVEL = "-Onone";
			};
			name = Debug;
		};
		0658A54029CF697000EB8D36 /* Release */ = {
			isa = XCBuildConfiguration;
			buildSettings = {
				ALWAYS_SEARCH_USER_PATHS = NO;
				CLANG_ANALYZER_NONNULL = YES;
				CLANG_ANALYZER_NUMBER_OBJECT_CONVERSION = YES_AGGRESSIVE;
				CLANG_CXX_LANGUAGE_STANDARD = "gnu++17";
				CLANG_ENABLE_MODULES = YES;
				CLANG_ENABLE_OBJC_ARC = YES;
				CLANG_ENABLE_OBJC_WEAK = YES;
				CLANG_WARN_BLOCK_CAPTURE_AUTORELEASING = YES;
				CLANG_WARN_BOOL_CONVERSION = YES;
				CLANG_WARN_COMMA = YES;
				CLANG_WARN_CONSTANT_CONVERSION = YES;
				CLANG_WARN_DEPRECATED_OBJC_IMPLEMENTATIONS = YES;
				CLANG_WARN_DIRECT_OBJC_ISA_USAGE = YES_ERROR;
				CLANG_WARN_DOCUMENTATION_COMMENTS = YES;
				CLANG_WARN_EMPTY_BODY = YES;
				CLANG_WARN_ENUM_CONVERSION = YES;
				CLANG_WARN_INFINITE_RECURSION = YES;
				CLANG_WARN_INT_CONVERSION = YES;
				CLANG_WARN_NON_LITERAL_NULL_CONVERSION = YES;
				CLANG_WARN_OBJC_IMPLICIT_RETAIN_SELF = YES;
				CLANG_WARN_OBJC_LITERAL_CONVERSION = YES;
				CLANG_WARN_OBJC_ROOT_CLASS = YES_ERROR;
				CLANG_WARN_QUOTED_INCLUDE_IN_FRAMEWORK_HEADER = YES;
				CLANG_WARN_RANGE_LOOP_ANALYSIS = YES;
				CLANG_WARN_STRICT_PROTOTYPES = YES;
				CLANG_WARN_SUSPICIOUS_MOVE = YES;
				CLANG_WARN_UNGUARDED_AVAILABILITY = YES_AGGRESSIVE;
				CLANG_WARN_UNREACHABLE_CODE = YES;
				CLANG_WARN__DUPLICATE_METHOD_MATCH = YES;
				COPY_PHASE_STRIP = NO;
				DEBUG_INFORMATION_FORMAT = "dwarf-with-dsym";
				ENABLE_NS_ASSERTIONS = NO;
				ENABLE_STRICT_OBJC_MSGSEND = YES;
				GCC_C_LANGUAGE_STANDARD = gnu11;
				GCC_NO_COMMON_BLOCKS = YES;
				GCC_WARN_64_TO_32_BIT_CONVERSION = YES;
				GCC_WARN_ABOUT_RETURN_TYPE = YES_ERROR;
				GCC_WARN_UNDECLARED_SELECTOR = YES;
				GCC_WARN_UNINITIALIZED_AUTOS = YES_AGGRESSIVE;
				GCC_WARN_UNUSED_FUNCTION = YES;
				GCC_WARN_UNUSED_VARIABLE = YES;
				MTL_ENABLE_DEBUG_INFO = NO;
				MTL_FAST_MATH = YES;
				SWIFT_COMPILATION_MODE = wholemodule;
				SWIFT_OPTIMIZATION_LEVEL = "-O";
			};
			name = Release;
		};
		0658A54229CF697000EB8D36 /* Debug */ = {
			isa = XCBuildConfiguration;
			buildSettings = {
				ASSETCATALOG_COMPILER_APPICON_NAME = AppIcon;
				ASSETCATALOG_COMPILER_GLOBAL_ACCENT_COLOR_NAME = AccentColor;
				CODE_SIGN_STYLE = Automatic;
				CURRENT_PROJECT_VERSION = 1;
				DEVELOPMENT_TEAM = N975GJLKCN;
				ENABLE_PREVIEWS = YES;
				GENERATE_INFOPLIST_FILE = YES;
				INFOPLIST_KEY_UIApplicationSceneManifest_Generation = YES;
				INFOPLIST_KEY_UIApplicationSupportsIndirectInputEvents = YES;
				INFOPLIST_KEY_UILaunchScreen_Generation = YES;
				INFOPLIST_KEY_UISupportedInterfaceOrientations_iPad = "UIInterfaceOrientationPortrait UIInterfaceOrientationPortraitUpsideDown UIInterfaceOrientationLandscapeLeft UIInterfaceOrientationLandscapeRight";
				INFOPLIST_KEY_UISupportedInterfaceOrientations_iPhone = "UIInterfaceOrientationPortrait UIInterfaceOrientationLandscapeLeft UIInterfaceOrientationLandscapeRight";
				IPHONEOS_DEPLOYMENT_TARGET = 15.5;
				LD_RUNPATH_SEARCH_PATHS = (
					"$(inherited)",
					"@executable_path/Frameworks",
				);
				MARKETING_VERSION = 1.0;
				PRODUCT_BUNDLE_IDENTIFIER = jamesodev.stepclap;
				PRODUCT_NAME = stepclap;
				SDKROOT = iphoneos;
				SWIFT_EMIT_LOC_STRINGS = YES;
				SWIFT_VERSION = 5.0;
				TARGETED_DEVICE_FAMILY = "1,2";
			};
			name = Debug;
		};
		0658A54329CF697000EB8D36 /* Release */ = {
			isa = XCBuildConfiguration;
			buildSettings = {
				ASSETCATALOG_COMPILER_APPICON_NAME = AppIcon;
				ASSETCATALOG_COMPILER_GLOBAL_ACCENT_COLOR_NAME = AccentColor;
				CODE_SIGN_STYLE = Automatic;
				CURRENT_PROJECT_VERSION = 1;
				DEVELOPMENT_TEAM = N975GJLKCN;
				ENABLE_PREVIEWS = YES;
				GENERATE_INFOPLIST_FILE = YES;
				INFOPLIST_KEY_UIApplicationSceneManifest_Generation = YES;
				INFOPLIST_KEY_UIApplicationSupportsIndirectInputEvents = YES;
				INFOPLIST_KEY_UILaunchScreen_Generation = YES;
				INFOPLIST_KEY_UISupportedInterfaceOrientations_iPad = "UIInterfaceOrientationPortrait UIInterfaceOrientationPortraitUpsideDown UIInterfaceOrientationLandscapeLeft UIInterfaceOrientationLandscapeRight";
				INFOPLIST_KEY_UISupportedInterfaceOrientations_iPhone = "UIInterfaceOrientationPortrait UIInterfaceOrientationLandscapeLeft UIInterfaceOrientationLandscapeRight";
				IPHONEOS_DEPLOYMENT_TARGET = 15.5;
				LD_RUNPATH_SEARCH_PATHS = (
					"$(inherited)",
					"@executable_path/Frameworks",
				);
				MARKETING_VERSION = 1.0;
				PRODUCT_BUNDLE_IDENTIFIER = jamesodev.stepclap;
				PRODUCT_NAME = stepclap;
				SDKROOT = iphoneos;
				SWIFT_EMIT_LOC_STRINGS = YES;
				SWIFT_VERSION = 5.0;
				TARGETED_DEVICE_FAMILY = "1,2";
				VALIDATE_PRODUCT = YES;
			};
			name = Release;
		};
		0658A54529CF697000EB8D36 /* Debug */ = {
			isa = XCBuildConfiguration;
			buildSettings = {
				ASSETCATALOG_COMPILER_APPICON_NAME = AppIcon;
				ASSETCATALOG_COMPILER_GLOBAL_ACCENT_COLOR_NAME = AccentColor;
				CODE_SIGN_ENTITLEMENTS = macOS/macOS.entitlements;
				CODE_SIGN_STYLE = Automatic;
				COMBINE_HIDPI_IMAGES = YES;
				CURRENT_PROJECT_VERSION = 1;
				DEVELOPMENT_TEAM = N975GJLKCN;
				ENABLE_HARDENED_RUNTIME = YES;
				ENABLE_PREVIEWS = YES;
				GENERATE_INFOPLIST_FILE = YES;
				INFOPLIST_KEY_NSHumanReadableCopyright = "";
				LD_RUNPATH_SEARCH_PATHS = (
					"$(inherited)",
					"@executable_path/../Frameworks",
				);
				MACOSX_DEPLOYMENT_TARGET = 12.3;
				MARKETING_VERSION = 1.0;
				PRODUCT_BUNDLE_IDENTIFIER = jamesodev.stepclap;
				PRODUCT_NAME = stepclap;
				SDKROOT = macosx;
				SWIFT_EMIT_LOC_STRINGS = YES;
				SWIFT_VERSION = 5.0;
			};
			name = Debug;
		};
		0658A54629CF697000EB8D36 /* Release */ = {
			isa = XCBuildConfiguration;
			buildSettings = {
				ASSETCATALOG_COMPILER_APPICON_NAME = AppIcon;
				ASSETCATALOG_COMPILER_GLOBAL_ACCENT_COLOR_NAME = AccentColor;
				CODE_SIGN_ENTITLEMENTS = macOS/macOS.entitlements;
				CODE_SIGN_STYLE = Automatic;
				COMBINE_HIDPI_IMAGES = YES;
				CURRENT_PROJECT_VERSION = 1;
				DEVELOPMENT_TEAM = N975GJLKCN;
				ENABLE_HARDENED_RUNTIME = YES;
				ENABLE_PREVIEWS = YES;
				GENERATE_INFOPLIST_FILE = YES;
				INFOPLIST_KEY_NSHumanReadableCopyright = "";
				LD_RUNPATH_SEARCH_PATHS = (
					"$(inherited)",
					"@executable_path/../Frameworks",
				);
				MACOSX_DEPLOYMENT_TARGET = 12.3;
				MARKETING_VERSION = 1.0;
				PRODUCT_BUNDLE_IDENTIFIER = jamesodev.stepclap;
				PRODUCT_NAME = stepclap;
				SDKROOT = macosx;
				SWIFT_EMIT_LOC_STRINGS = YES;
				SWIFT_VERSION = 5.0;
			};
			name = Release;
		};
		0658A54829CF697000EB8D36 /* Debug */ = {
			isa = XCBuildConfiguration;
			buildSettings = {
				ALWAYS_EMBED_SWIFT_STANDARD_LIBRARIES = YES;
				CODE_SIGN_STYLE = Automatic;
				CURRENT_PROJECT_VERSION = 1;
				DEVELOPMENT_TEAM = N975GJLKCN;
				GENERATE_INFOPLIST_FILE = YES;
				IPHONEOS_DEPLOYMENT_TARGET = 15.5;
				MARKETING_VERSION = 1.0;
				PRODUCT_BUNDLE_IDENTIFIER = "jamesodev.Tests-iOS";
				PRODUCT_NAME = "$(TARGET_NAME)";
				SDKROOT = iphoneos;
				SWIFT_EMIT_LOC_STRINGS = NO;
				SWIFT_VERSION = 5.0;
				TARGETED_DEVICE_FAMILY = "1,2";
				TEST_TARGET_NAME = "stepclap (iOS)";
			};
			name = Debug;
		};
		0658A54929CF697000EB8D36 /* Release */ = {
			isa = XCBuildConfiguration;
			buildSettings = {
				ALWAYS_EMBED_SWIFT_STANDARD_LIBRARIES = YES;
				CODE_SIGN_STYLE = Automatic;
				CURRENT_PROJECT_VERSION = 1;
				DEVELOPMENT_TEAM = N975GJLKCN;
				GENERATE_INFOPLIST_FILE = YES;
				IPHONEOS_DEPLOYMENT_TARGET = 15.5;
				MARKETING_VERSION = 1.0;
				PRODUCT_BUNDLE_IDENTIFIER = "jamesodev.Tests-iOS";
				PRODUCT_NAME = "$(TARGET_NAME)";
				SDKROOT = iphoneos;
				SWIFT_EMIT_LOC_STRINGS = NO;
				SWIFT_VERSION = 5.0;
				TARGETED_DEVICE_FAMILY = "1,2";
				TEST_TARGET_NAME = "stepclap (iOS)";
				VALIDATE_PRODUCT = YES;
			};
			name = Release;
		};
		0658A54B29CF697000EB8D36 /* Debug */ = {
			isa = XCBuildConfiguration;
			buildSettings = {
				ALWAYS_EMBED_SWIFT_STANDARD_LIBRARIES = YES;
				CODE_SIGN_STYLE = Automatic;
				CURRENT_PROJECT_VERSION = 1;
				DEVELOPMENT_TEAM = N975GJLKCN;
				GENERATE_INFOPLIST_FILE = YES;
				MACOSX_DEPLOYMENT_TARGET = 12.3;
				MARKETING_VERSION = 1.0;
				PRODUCT_BUNDLE_IDENTIFIER = "jamesodev.Tests-macOS";
				PRODUCT_NAME = "$(TARGET_NAME)";
				SDKROOT = macosx;
				SWIFT_EMIT_LOC_STRINGS = NO;
				SWIFT_VERSION = 5.0;
				TEST_TARGET_NAME = "stepclap (macOS)";
			};
			name = Debug;
		};
		0658A54C29CF697000EB8D36 /* Release */ = {
			isa = XCBuildConfiguration;
			buildSettings = {
				ALWAYS_EMBED_SWIFT_STANDARD_LIBRARIES = YES;
				CODE_SIGN_STYLE = Automatic;
				CURRENT_PROJECT_VERSION = 1;
				DEVELOPMENT_TEAM = N975GJLKCN;
				GENERATE_INFOPLIST_FILE = YES;
				MACOSX_DEPLOYMENT_TARGET = 12.3;
				MARKETING_VERSION = 1.0;
				PRODUCT_BUNDLE_IDENTIFIER = "jamesodev.Tests-macOS";
				PRODUCT_NAME = "$(TARGET_NAME)";
				SDKROOT = macosx;
				SWIFT_EMIT_LOC_STRINGS = NO;
				SWIFT_VERSION = 5.0;
				TEST_TARGET_NAME = "stepclap (macOS)";
			};
			name = Release;
		};
/* End XCBuildConfiguration section */

/* Begin XCConfigurationList section */
		0658A50F29CF696D00EB8D36 /* Build configuration list for PBXProject "stepclap" */ = {
			isa = XCConfigurationList;
			buildConfigurations = (
				0658A53F29CF697000EB8D36 /* Debug */,
				0658A54029CF697000EB8D36 /* Release */,
			);
			defaultConfigurationIsVisible = 0;
			defaultConfigurationName = Release;
		};
		0658A54129CF697000EB8D36 /* Build configuration list for PBXNativeTarget "stepclap (iOS)" */ = {
			isa = XCConfigurationList;
			buildConfigurations = (
				0658A54229CF697000EB8D36 /* Debug */,
				0658A54329CF697000EB8D36 /* Release */,
			);
			defaultConfigurationIsVisible = 0;
			defaultConfigurationName = Release;
		};
		0658A54429CF697000EB8D36 /* Build configuration list for PBXNativeTarget "stepclap (macOS)" */ = {
			isa = XCConfigurationList;
			buildConfigurations = (
				0658A54529CF697000EB8D36 /* Debug */,
				0658A54629CF697000EB8D36 /* Release */,
			);
			defaultConfigurationIsVisible = 0;
			defaultConfigurationName = Release;
		};
		0658A54729CF697000EB8D36 /* Build configuration list for PBXNativeTarget "Tests iOS" */ = {
			isa = XCConfigurationList;
			buildConfigurations = (
				0658A54829CF697000EB8D36 /* Debug */,
				0658A54929CF697000EB8D36 /* Release */,
			);
			defaultConfigurationIsVisible = 0;
			defaultConfigurationName = Release;
		};
		0658A54A29CF697000EB8D36 /* Build configuration list for PBXNativeTarget "Tests macOS" */ = {
			isa = XCConfigurationList;
			buildConfigurations = (
				0658A54B29CF697000EB8D36 /* Debug */,
				0658A54C29CF697000EB8D36 /* Release */,
			);
			defaultConfigurationIsVisible = 0;
			defaultConfigurationName = Release;
		};
/* End XCConfigurationList section */
	};
	rootObject = 0658A50C29CF696D00EB8D36 /* Project object */;
}
